
Microsoft Visual Studio Solution File, Format Version 12.00
# Visual Studio Version 16
VisualStudioVersion = 16.0.29926.136
MinimumVisualStudioVersion = 10.0.40219.1
Project("{9A19103F-16F7-4668-BE54-9A1E7A4F7556}") = "imageStacker.Cli", "imageStacker.Cli\imageStacker.Cli.csproj", "{44308C3A-4E48-45ED-A32F-1282FCA620B5}"
EndProject
Project("{9A19103F-16F7-4668-BE54-9A1E7A4F7556}") = "imageStacker.Core", "imageStacker.Core\imageStacker.Core.csproj", "{948EAA63-F431-4487-941D-F1B1A98701EA}"
EndProject
Project("{9A19103F-16F7-4668-BE54-9A1E7A4F7556}") = "imageStacker.Exploration.Cli", "imageStacker.Exploration.Cli\imageStacker.Exploration.Cli.csproj", "{BA11E0F1-D33A-45E8-A281-933658A9A331}"
EndProject
Project("{9A19103F-16F7-4668-BE54-9A1E7A4F7556}") = "imageStacker.Piping.Cli", "imageStacker.Piping.Cli\imageStacker.Piping.Cli.csproj", "{72C8C58A-641A-4732-93AE-E25AB2D34BF9}"
EndProject
Project("{E53339B2-1760-4266-BCC7-CA923CBCF16C}") = "docker-compose", "docker-compose.dcproj", "{F1B7EFBA-BA44-4126-8BB9-797AF19F49DB}"
EndProject
Project("{FAE04EC0-301F-11D3-BF4B-00C04F79EFBC}") = "imageStacker.Exploration.Gpu", "imageStacker.Exploration.Gpu\imageStacker.Exploration.Gpu.csproj", "{37315322-92CC-48DD-A132-6C6C8D688D29}"
EndProject
Project("{9A19103F-16F7-4668-BE54-9A1E7A4F7556}") = "imageStacker.Core.Test.Unit", "imageStacker.Core.Test.Unit\imageStacker.Core.Test.Unit.csproj", "{61507C9F-7A0C-4404-8193-E06419C4C2CF}"
EndProject
Global
	GlobalSection(SolutionConfigurationPlatforms) = preSolution
		Debug|Any CPU = Debug|Any CPU
		Debug|x64 = Debug|x64
		Debug|x86 = Debug|x86
		Release|Any CPU = Release|Any CPU
		Release|x64 = Release|x64
		Release|x86 = Release|x86
	EndGlobalSection
	GlobalSection(ProjectConfigurationPlatforms) = postSolution
		{44308C3A-4E48-45ED-A32F-1282FCA620B5}.Debug|Any CPU.ActiveCfg = Debug|Any CPU
		{44308C3A-4E48-45ED-A32F-1282FCA620B5}.Debug|Any CPU.Build.0 = Debug|Any CPU
		{44308C3A-4E48-45ED-A32F-1282FCA620B5}.Debug|x64.ActiveCfg = Debug|Any CPU
		{44308C3A-4E48-45ED-A32F-1282FCA620B5}.Debug|x64.Build.0 = Debug|Any CPU
		{44308C3A-4E48-45ED-A32F-1282FCA620B5}.Debug|x86.ActiveCfg = Debug|Any CPU
		{44308C3A-4E48-45ED-A32F-1282FCA620B5}.Debug|x86.Build.0 = Debug|Any CPU
		{44308C3A-4E48-45ED-A32F-1282FCA620B5}.Release|Any CPU.ActiveCfg = Release|Any CPU
		{44308C3A-4E48-45ED-A32F-1282FCA620B5}.Release|Any CPU.Build.0 = Release|Any CPU
		{44308C3A-4E48-45ED-A32F-1282FCA620B5}.Release|x64.ActiveCfg = Release|Any CPU
		{44308C3A-4E48-45ED-A32F-1282FCA620B5}.Release|x64.Build.0 = Release|Any CPU
		{44308C3A-4E48-45ED-A32F-1282FCA620B5}.Release|x86.ActiveCfg = Release|Any CPU
		{44308C3A-4E48-45ED-A32F-1282FCA620B5}.Release|x86.Build.0 = Release|Any CPU
		{948EAA63-F431-4487-941D-F1B1A98701EA}.Debug|Any CPU.ActiveCfg = Debug|Any CPU
		{948EAA63-F431-4487-941D-F1B1A98701EA}.Debug|Any CPU.Build.0 = Debug|Any CPU
		{948EAA63-F431-4487-941D-F1B1A98701EA}.Debug|x64.ActiveCfg = Debug|Any CPU
		{948EAA63-F431-4487-941D-F1B1A98701EA}.Debug|x64.Build.0 = Debug|Any CPU
		{948EAA63-F431-4487-941D-F1B1A98701EA}.Debug|x86.ActiveCfg = Debug|Any CPU
		{948EAA63-F431-4487-941D-F1B1A98701EA}.Debug|x86.Build.0 = Debug|Any CPU
		{948EAA63-F431-4487-941D-F1B1A98701EA}.Release|Any CPU.ActiveCfg = Release|Any CPU
		{948EAA63-F431-4487-941D-F1B1A98701EA}.Release|Any CPU.Build.0 = Release|Any CPU
		{948EAA63-F431-4487-941D-F1B1A98701EA}.Release|x64.ActiveCfg = Release|Any CPU
		{948EAA63-F431-4487-941D-F1B1A98701EA}.Release|x64.Build.0 = Release|Any CPU
		{948EAA63-F431-4487-941D-F1B1A98701EA}.Release|x86.ActiveCfg = Release|Any CPU
		{948EAA63-F431-4487-941D-F1B1A98701EA}.Release|x86.Build.0 = Release|Any CPU
		{BA11E0F1-D33A-45E8-A281-933658A9A331}.Debug|Any CPU.ActiveCfg = Debug|Any CPU
		{BA11E0F1-D33A-45E8-A281-933658A9A331}.Debug|Any CPU.Build.0 = Debug|Any CPU
		{BA11E0F1-D33A-45E8-A281-933658A9A331}.Debug|x64.ActiveCfg = Debug|Any CPU
		{BA11E0F1-D33A-45E8-A281-933658A9A331}.Debug|x64.Build.0 = Debug|Any CPU
		{BA11E0F1-D33A-45E8-A281-933658A9A331}.Debug|x86.ActiveCfg = Debug|Any CPU
		{BA11E0F1-D33A-45E8-A281-933658A9A331}.Debug|x86.Build.0 = Debug|Any CPU
		{BA11E0F1-D33A-45E8-A281-933658A9A331}.Release|Any CPU.ActiveCfg = Release|Any CPU
		{BA11E0F1-D33A-45E8-A281-933658A9A331}.Release|Any CPU.Build.0 = Release|Any CPU
		{BA11E0F1-D33A-45E8-A281-933658A9A331}.Release|x64.ActiveCfg = Release|Any CPU
		{BA11E0F1-D33A-45E8-A281-933658A9A331}.Release|x64.Build.0 = Release|Any CPU
		{BA11E0F1-D33A-45E8-A281-933658A9A331}.Release|x86.ActiveCfg = Release|Any CPU
		{BA11E0F1-D33A-45E8-A281-933658A9A331}.Release|x86.Build.0 = Release|Any CPU
		{72C8C58A-641A-4732-93AE-E25AB2D34BF9}.Debug|Any CPU.ActiveCfg = Debug|Any CPU
		{72C8C58A-641A-4732-93AE-E25AB2D34BF9}.Debug|Any CPU.Build.0 = Debug|Any CPU
		{72C8C58A-641A-4732-93AE-E25AB2D34BF9}.Debug|x64.ActiveCfg = Debug|x64
		{72C8C58A-641A-4732-93AE-E25AB2D34BF9}.Debug|x64.Build.0 = Debug|x64
		{72C8C58A-641A-4732-93AE-E25AB2D34BF9}.Debug|x86.ActiveCfg = Debug|x86
		{72C8C58A-641A-4732-93AE-E25AB2D34BF9}.Debug|x86.Build.0 = Debug|x86
		{72C8C58A-641A-4732-93AE-E25AB2D34BF9}.Release|Any CPU.ActiveCfg = Release|Any CPU
		{72C8C58A-641A-4732-93AE-E25AB2D34BF9}.Release|Any CPU.Build.0 = Release|Any CPU
		{72C8C58A-641A-4732-93AE-E25AB2D34BF9}.Release|x64.ActiveCfg = Release|x64
		{72C8C58A-641A-4732-93AE-E25AB2D34BF9}.Release|x64.Build.0 = Release|x64
		{72C8C58A-641A-4732-93AE-E25AB2D34BF9}.Release|x86.ActiveCfg = Release|x86
		{72C8C58A-641A-4732-93AE-E25AB2D34BF9}.Release|x86.Build.0 = Release|x86
		{F1B7EFBA-BA44-4126-8BB9-797AF19F49DB}.Debug|Any CPU.ActiveCfg = Debug|Any CPU
		{F1B7EFBA-BA44-4126-8BB9-797AF19F49DB}.Debug|Any CPU.Build.0 = Debug|Any CPU
		{F1B7EFBA-BA44-4126-8BB9-797AF19F49DB}.Debug|x64.ActiveCfg = Debug|Any CPU
		{F1B7EFBA-BA44-4126-8BB9-797AF19F49DB}.Debug|x64.Build.0 = Debug|Any CPU
		{F1B7EFBA-BA44-4126-8BB9-797AF19F49DB}.Debug|x86.ActiveCfg = Debug|Any CPU
		{F1B7EFBA-BA44-4126-8BB9-797AF19F49DB}.Debug|x86.Build.0 = Debug|Any CPU
		{F1B7EFBA-BA44-4126-8BB9-797AF19F49DB}.Release|Any CPU.ActiveCfg = Release|Any CPU
		{F1B7EFBA-BA44-4126-8BB9-797AF19F49DB}.Release|Any CPU.Build.0 = Release|Any CPU
		{F1B7EFBA-BA44-4126-8BB9-797AF19F49DB}.Release|x64.ActiveCfg = Release|Any CPU
		{F1B7EFBA-BA44-4126-8BB9-797AF19F49DB}.Release|x64.Build.0 = Release|Any CPU
		{F1B7EFBA-BA44-4126-8BB9-797AF19F49DB}.Release|x86.ActiveCfg = Release|Any CPU
		{F1B7EFBA-BA44-4126-8BB9-797AF19F49DB}.Release|x86.Build.0 = Release|Any CPU
		{37315322-92CC-48DD-A132-6C6C8D688D29}.Debug|Any CPU.ActiveCfg = Debug|Any CPU
		{37315322-92CC-48DD-A132-6C6C8D688D29}.Debug|Any CPU.Build.0 = Debug|Any CPU
		{37315322-92CC-48DD-A132-6C6C8D688D29}.Debug|x64.ActiveCfg = Debug|Any CPU
		{37315322-92CC-48DD-A132-6C6C8D688D29}.Debug|x86.ActiveCfg = Debug|Any CPU
		{37315322-92CC-48DD-A132-6C6C8D688D29}.Release|Any CPU.ActiveCfg = Release|Any CPU
		{37315322-92CC-48DD-A132-6C6C8D688D29}.Release|Any CPU.Build.0 = Release|Any CPU
		{37315322-92CC-48DD-A132-6C6C8D688D29}.Release|x64.ActiveCfg = Release|Any CPU
		{37315322-92CC-48DD-A132-6C6C8D688D29}.Release|x86.ActiveCfg = Release|Any CPU
		{61507C9F-7A0C-4404-8193-E06419C4C2CF}.Debug|Any CPU.ActiveCfg = Debug|Any CPU
		{61507C9F-7A0C-4404-8193-E06419C4C2CF}.Debug|Any CPU.Build.0 = Debug|Any CPU
		{61507C9F-7A0C-4404-8193-E06419C4C2CF}.Debug|x64.ActiveCfg = Debug|Any CPU
		{61507C9F-7A0C-4404-8193-E06419C4C2CF}.Debug|x64.Build.0 = Debug|Any CPU
		{61507C9F-7A0C-4404-8193-E06419C4C2CF}.Debug|x86.ActiveCfg = Debug|Any CPU
		{61507C9F-7A0C-4404-8193-E06419C4C2CF}.Debug|x86.Build.0 = Debug|Any CPU
		{61507C9F-7A0C-4404-8193-E06419C4C2CF}.Release|Any CPU.ActiveCfg = Release|Any CPU
		{61507C9F-7A0C-4404-8193-E06419C4C2CF}.Release|Any CPU.Build.0 = Release|Any CPU
		{61507C9F-7A0C-4404-8193-E06419C4C2CF}.Release|x64.ActiveCfg = Release|Any CPU
		{61507C9F-7A0C-4404-8193-E06419C4C2CF}.Release|x64.Build.0 = Release|Any CPU
		{61507C9F-7A0C-4404-8193-E06419C4C2CF}.Release|x86.ActiveCfg = Release|Any CPU
		{61507C9F-7A0C-4404-8193-E06419C4C2CF}.Release|x86.Build.0 = Release|Any CPU
	EndGlobalSection
	GlobalSection(SolutionProperties) = preSolution
		HideSolutionNode = FALSE
	EndGlobalSection
	GlobalSection(ExtensibilityGlobals) = postSolution
		SolutionGuid = {480854CB-29FD-47FB-8296-B8A6691BF46A}
	EndGlobalSection
EndGlobal
